// !$*UTF8*$!
{
	archiveVersion = 1;
	classes = {
	};
	objectVersion = 50;
	objects = {

/* Begin PBXBuildFile section */
		ED19F52C266296E900ABBA52 /* AppDelegate.swift in Sources */ = {isa = PBXBuildFile; fileRef = ED19F52B266296E900ABBA52 /* AppDelegate.swift */; };
		ED19F52E266296E900ABBA52 /* SceneDelegate.swift in Sources */ = {isa = PBXBuildFile; fileRef = ED19F52D266296E900ABBA52 /* SceneDelegate.swift */; };
		ED19F536266296E900ABBA52 /* NearbyPlaces.xcdatamodeld in Sources */ = {isa = PBXBuildFile; fileRef = ED19F534266296E900ABBA52 /* NearbyPlaces.xcdatamodeld */; };
		ED19F538266296EA00ABBA52 /* Assets.xcassets in Resources */ = {isa = PBXBuildFile; fileRef = ED19F537266296EA00ABBA52 /* Assets.xcassets */; };
		ED19F53B266296EA00ABBA52 /* LaunchScreen.storyboard in Resources */ = {isa = PBXBuildFile; fileRef = ED19F539266296EA00ABBA52 /* LaunchScreen.storyboard */; };
		ED19F546266296EA00ABBA52 /* NearbyPlacesTests.swift in Sources */ = {isa = PBXBuildFile; fileRef = ED19F545266296EA00ABBA52 /* NearbyPlacesTests.swift */; };
		ED19F551266296EA00ABBA52 /* NearbyPlacesUITests.swift in Sources */ = {isa = PBXBuildFile; fileRef = ED19F550266296EA00ABBA52 /* NearbyPlacesUITests.swift */; };
		ED19F57726629C6A00ABBA52 /* Home.strings in Resources */ = {isa = PBXBuildFile; fileRef = ED19F57926629C6A00ABBA52 /* Home.strings */; };
		ED19F57E26629CCF00ABBA52 /* Assets.swift in Sources */ = {isa = PBXBuildFile; fileRef = ED19F57D26629CCF00ABBA52 /* Assets.swift */; };
		ED19F58326629CDB00ABBA52 /* LocalizableStrings.swift in Sources */ = {isa = PBXBuildFile; fileRef = ED19F58226629CDB00ABBA52 /* LocalizableStrings.swift */; };
		ED5D66952662ACB20080F88A /* .swiftlint.yml in Resources */ = {isa = PBXBuildFile; fileRef = ED5D66942662ACB20080F88A /* .swiftlint.yml */; };
		ED5D66C22662B0070080F88A /* swiftgen.yml in Resources */ = {isa = PBXBuildFile; fileRef = ED5D66C12662B0070080F88A /* swiftgen.yml */; };
		ED5D66CB2662B23A0080F88A /* HomeCoordinator.swift in Sources */ = {isa = PBXBuildFile; fileRef = ED5D66C72662B23A0080F88A /* HomeCoordinator.swift */; };
		ED5D66CC2662B23A0080F88A /* HomeViewController.swift in Sources */ = {isa = PBXBuildFile; fileRef = ED5D66C82662B23A0080F88A /* HomeViewController.swift */; };
		ED5D66CD2662B23A0080F88A /* HomeController.swift in Sources */ = {isa = PBXBuildFile; fileRef = ED5D66C92662B23A0080F88A /* HomeController.swift */; };
		ED5D66CE2662B23A0080F88A /* HomeAssembly.swift in Sources */ = {isa = PBXBuildFile; fileRef = ED5D66CA2662B23A0080F88A /* HomeAssembly.swift */; };
		ED5D66D72662B27B0080F88A /* AssembledModule.swift in Sources */ = {isa = PBXBuildFile; fileRef = ED5D66D62662B27B0080F88A /* AssembledModule.swift */; };
		ED5D66DE2662B3870080F88A /* BaseViewController.swift in Sources */ = {isa = PBXBuildFile; fileRef = ED5D66DD2662B3870080F88A /* BaseViewController.swift */; };
		ED5D66FD2662B50F0080F88A /* UIColor.swift in Sources */ = {isa = PBXBuildFile; fileRef = ED5D66FC2662B50F0080F88A /* UIColor.swift */; };
		ED5D676B266405320080F88A /* libc++.tbd in Frameworks */ = {isa = PBXBuildFile; fileRef = ED5D6731266401D50080F88A /* libc++.tbd */; };
		ED5D6775266406010080F88A /* GoogleMapsBase.framework in Frameworks */ = {isa = PBXBuildFile; fileRef = ED5D6772266406000080F88A /* GoogleMapsBase.framework */; };
		ED5D6776266406010080F88A /* GoogleMaps.framework in Frameworks */ = {isa = PBXBuildFile; fileRef = ED5D6773266406000080F88A /* GoogleMaps.framework */; };
		ED5D6777266406010080F88A /* GoogleMapsCore.framework in Frameworks */ = {isa = PBXBuildFile; fileRef = ED5D6774266406010080F88A /* GoogleMapsCore.framework */; };
		ED5D677C266406570080F88A /* GoogleMaps.bundle in Resources */ = {isa = PBXBuildFile; fileRef = ED5D677B266406570080F88A /* GoogleMaps.bundle */; };
		ED5D6780266407500080F88A /* Accelerate.framework in Frameworks */ = {isa = PBXBuildFile; fileRef = ED5D671F266401780080F88A /* Accelerate.framework */; };
		ED5D6781266407590080F88A /* SystemConfiguration.framework in Frameworks */ = {isa = PBXBuildFile; fileRef = ED5D673F266401FA0080F88A /* SystemConfiguration.framework */; };
		ED5D67822664075F0080F88A /* QuartzCore.framework in Frameworks */ = {isa = PBXBuildFile; fileRef = ED5D673D266401F00080F88A /* QuartzCore.framework */; };
		ED5D6783266407690080F88A /* OpenGLES.framework in Frameworks */ = {isa = PBXBuildFile; fileRef = ED5D673B266401E80080F88A /* OpenGLES.framework */; };
		ED5D6784266407700080F88A /* libz.tbd in Frameworks */ = {isa = PBXBuildFile; fileRef = ED5D6736266401DF0080F88A /* libz.tbd */; };
		ED5D6788266407760080F88A /* ImageIO.framework in Frameworks */ = {isa = PBXBuildFile; fileRef = ED5D672F266401C50080F88A /* ImageIO.framework */; };
		ED5D6789266407A00080F88A /* GLKit.framework in Frameworks */ = {isa = PBXBuildFile; fileRef = ED5D672D266401BB0080F88A /* GLKit.framework */; };
		ED5D678A266407A60080F88A /* CoreTelephony.framework in Frameworks */ = {isa = PBXBuildFile; fileRef = ED5D6729266401B30080F88A /* CoreTelephony.framework */; };
		ED5D678B266407B00080F88A /* CoreText.framework in Frameworks */ = {isa = PBXBuildFile; fileRef = ED5D672A266401B30080F88A /* CoreText.framework */; };
		ED5D678C266407E10080F88A /* CoreData.framework in Frameworks */ = {isa = PBXBuildFile; fileRef = ED5D6721266401810080F88A /* CoreData.framework */; };
		ED5D678D266407E10080F88A /* CoreGraphics.framework in Frameworks */ = {isa = PBXBuildFile; fileRef = ED5D67232664018A0080F88A /* CoreGraphics.framework */; };
		ED5D678E266407E10080F88A /* CoreImage.framework in Frameworks */ = {isa = PBXBuildFile; fileRef = ED5D6725266401920080F88A /* CoreImage.framework */; };
		ED5D678F266407E10080F88A /* CoreLocation.framework in Frameworks */ = {isa = PBXBuildFile; fileRef = ED5D6727266401980080F88A /* CoreLocation.framework */; };
		ED5D6793266408340080F88A /* UIKit.framework in Frameworks */ = {isa = PBXBuildFile; fileRef = ED5D67412664020C0080F88A /* UIKit.framework */; };
/* End PBXBuildFile section */

/* Begin PBXContainerItemProxy section */
		ED19F542266296EA00ABBA52 /* PBXContainerItemProxy */ = {
			isa = PBXContainerItemProxy;
			containerPortal = ED19F520266296E900ABBA52 /* Project object */;
			proxyType = 1;
			remoteGlobalIDString = ED19F527266296E900ABBA52;
			remoteInfo = NearbyPlaces;
		};
		ED19F54D266296EA00ABBA52 /* PBXContainerItemProxy */ = {
			isa = PBXContainerItemProxy;
			containerPortal = ED19F520266296E900ABBA52 /* Project object */;
			proxyType = 1;
			remoteGlobalIDString = ED19F527266296E900ABBA52;
			remoteInfo = NearbyPlaces;
		};
/* End PBXContainerItemProxy section */

/* Begin PBXFileReference section */
		ED19F528266296E900ABBA52 /* NearbyPlaces.app */ = {isa = PBXFileReference; explicitFileType = wrapper.application; includeInIndex = 0; path = NearbyPlaces.app; sourceTree = BUILT_PRODUCTS_DIR; };
		ED19F52B266296E900ABBA52 /* AppDelegate.swift */ = {isa = PBXFileReference; lastKnownFileType = sourcecode.swift; path = AppDelegate.swift; sourceTree = "<group>"; };
		ED19F52D266296E900ABBA52 /* SceneDelegate.swift */ = {isa = PBXFileReference; lastKnownFileType = sourcecode.swift; path = SceneDelegate.swift; sourceTree = "<group>"; };
		ED19F535266296E900ABBA52 /* NearbyPlaces.xcdatamodel */ = {isa = PBXFileReference; lastKnownFileType = wrapper.xcdatamodel; path = NearbyPlaces.xcdatamodel; sourceTree = "<group>"; };
		ED19F537266296EA00ABBA52 /* Assets.xcassets */ = {isa = PBXFileReference; lastKnownFileType = folder.assetcatalog; path = Assets.xcassets; sourceTree = "<group>"; };
		ED19F53C266296EA00ABBA52 /* Info.plist */ = {isa = PBXFileReference; lastKnownFileType = text.plist.xml; path = Info.plist; sourceTree = "<group>"; };
		ED19F541266296EA00ABBA52 /* NearbyPlacesTests.xctest */ = {isa = PBXFileReference; explicitFileType = wrapper.cfbundle; includeInIndex = 0; path = NearbyPlacesTests.xctest; sourceTree = BUILT_PRODUCTS_DIR; };
		ED19F545266296EA00ABBA52 /* NearbyPlacesTests.swift */ = {isa = PBXFileReference; lastKnownFileType = sourcecode.swift; path = NearbyPlacesTests.swift; sourceTree = "<group>"; };
		ED19F547266296EA00ABBA52 /* Info.plist */ = {isa = PBXFileReference; lastKnownFileType = text.plist.xml; path = Info.plist; sourceTree = "<group>"; };
		ED19F54C266296EA00ABBA52 /* NearbyPlacesUITests.xctest */ = {isa = PBXFileReference; explicitFileType = wrapper.cfbundle; includeInIndex = 0; path = NearbyPlacesUITests.xctest; sourceTree = BUILT_PRODUCTS_DIR; };
		ED19F550266296EA00ABBA52 /* NearbyPlacesUITests.swift */ = {isa = PBXFileReference; lastKnownFileType = sourcecode.swift; path = NearbyPlacesUITests.swift; sourceTree = "<group>"; };
		ED19F552266296EA00ABBA52 /* Info.plist */ = {isa = PBXFileReference; lastKnownFileType = text.plist.xml; path = Info.plist; sourceTree = "<group>"; };
		ED19F56B26629BB500ABBA52 /* Base */ = {isa = PBXFileReference; lastKnownFileType = file.storyboard; name = Base; path = Base.lproj/LaunchScreen.storyboard; sourceTree = "<group>"; };
		ED19F57826629C6A00ABBA52 /* en */ = {isa = PBXFileReference; lastKnownFileType = text.plist.strings; name = en; path = en.lproj/Home.strings; sourceTree = "<group>"; };
		ED19F57D26629CCF00ABBA52 /* Assets.swift */ = {isa = PBXFileReference; fileEncoding = 4; lastKnownFileType = sourcecode.swift; path = Assets.swift; sourceTree = "<group>"; };
		ED19F58226629CDB00ABBA52 /* LocalizableStrings.swift */ = {isa = PBXFileReference; fileEncoding = 4; lastKnownFileType = sourcecode.swift; path = LocalizableStrings.swift; sourceTree = "<group>"; };
		ED5D66942662ACB20080F88A /* .swiftlint.yml */ = {isa = PBXFileReference; fileEncoding = 4; lastKnownFileType = text.yaml; path = .swiftlint.yml; sourceTree = "<group>"; };
		ED5D66C12662B0070080F88A /* swiftgen.yml */ = {isa = PBXFileReference; fileEncoding = 4; lastKnownFileType = text.yaml; path = swiftgen.yml; sourceTree = "<group>"; };
		ED5D66C72662B23A0080F88A /* HomeCoordinator.swift */ = {isa = PBXFileReference; lastKnownFileType = sourcecode.swift; path = HomeCoordinator.swift; sourceTree = "<group>"; };
		ED5D66C82662B23A0080F88A /* HomeViewController.swift */ = {isa = PBXFileReference; lastKnownFileType = sourcecode.swift; path = HomeViewController.swift; sourceTree = "<group>"; };
		ED5D66C92662B23A0080F88A /* HomeController.swift */ = {isa = PBXFileReference; lastKnownFileType = sourcecode.swift; path = HomeController.swift; sourceTree = "<group>"; };
		ED5D66CA2662B23A0080F88A /* HomeAssembly.swift */ = {isa = PBXFileReference; lastKnownFileType = sourcecode.swift; path = HomeAssembly.swift; sourceTree = "<group>"; };
		ED5D66D62662B27B0080F88A /* AssembledModule.swift */ = {isa = PBXFileReference; lastKnownFileType = sourcecode.swift; path = AssembledModule.swift; sourceTree = "<group>"; };
		ED5D66DD2662B3870080F88A /* BaseViewController.swift */ = {isa = PBXFileReference; lastKnownFileType = sourcecode.swift; path = BaseViewController.swift; sourceTree = "<group>"; };
		ED5D66FC2662B50F0080F88A /* UIColor.swift */ = {isa = PBXFileReference; lastKnownFileType = sourcecode.swift; path = UIColor.swift; sourceTree = "<group>"; };
		ED5D671F266401780080F88A /* Accelerate.framework */ = {isa = PBXFileReference; lastKnownFileType = wrapper.framework; name = Accelerate.framework; path = System/Library/Frameworks/Accelerate.framework; sourceTree = SDKROOT; };
		ED5D6721266401810080F88A /* CoreData.framework */ = {isa = PBXFileReference; lastKnownFileType = wrapper.framework; name = CoreData.framework; path = System/Library/Frameworks/CoreData.framework; sourceTree = SDKROOT; };
		ED5D67232664018A0080F88A /* CoreGraphics.framework */ = {isa = PBXFileReference; lastKnownFileType = wrapper.framework; name = CoreGraphics.framework; path = System/Library/Frameworks/CoreGraphics.framework; sourceTree = SDKROOT; };
		ED5D6725266401920080F88A /* CoreImage.framework */ = {isa = PBXFileReference; lastKnownFileType = wrapper.framework; name = CoreImage.framework; path = System/Library/Frameworks/CoreImage.framework; sourceTree = SDKROOT; };
		ED5D6727266401980080F88A /* CoreLocation.framework */ = {isa = PBXFileReference; lastKnownFileType = wrapper.framework; name = CoreLocation.framework; path = System/Library/Frameworks/CoreLocation.framework; sourceTree = SDKROOT; };
		ED5D6729266401B30080F88A /* CoreTelephony.framework */ = {isa = PBXFileReference; lastKnownFileType = wrapper.framework; name = CoreTelephony.framework; path = System/Library/Frameworks/CoreTelephony.framework; sourceTree = SDKROOT; };
		ED5D672A266401B30080F88A /* CoreText.framework */ = {isa = PBXFileReference; lastKnownFileType = wrapper.framework; name = CoreText.framework; path = System/Library/Frameworks/CoreText.framework; sourceTree = SDKROOT; };
		ED5D672D266401BB0080F88A /* GLKit.framework */ = {isa = PBXFileReference; lastKnownFileType = wrapper.framework; name = GLKit.framework; path = System/Library/Frameworks/GLKit.framework; sourceTree = SDKROOT; };
		ED5D672F266401C50080F88A /* ImageIO.framework */ = {isa = PBXFileReference; lastKnownFileType = wrapper.framework; name = ImageIO.framework; path = System/Library/Frameworks/ImageIO.framework; sourceTree = SDKROOT; };
		ED5D6731266401D50080F88A /* libc++.tbd */ = {isa = PBXFileReference; lastKnownFileType = "sourcecode.text-based-dylib-definition"; name = "libc++.tbd"; path = "usr/lib/libc++.tbd"; sourceTree = SDKROOT; };
		ED5D6736266401DF0080F88A /* libz.tbd */ = {isa = PBXFileReference; lastKnownFileType = "sourcecode.text-based-dylib-definition"; name = libz.tbd; path = usr/lib/libz.tbd; sourceTree = SDKROOT; };
		ED5D673B266401E80080F88A /* OpenGLES.framework */ = {isa = PBXFileReference; lastKnownFileType = wrapper.framework; name = OpenGLES.framework; path = System/Library/Frameworks/OpenGLES.framework; sourceTree = SDKROOT; };
		ED5D673D266401F00080F88A /* QuartzCore.framework */ = {isa = PBXFileReference; lastKnownFileType = wrapper.framework; name = QuartzCore.framework; path = System/Library/Frameworks/QuartzCore.framework; sourceTree = SDKROOT; };
		ED5D673F266401FA0080F88A /* SystemConfiguration.framework */ = {isa = PBXFileReference; lastKnownFileType = wrapper.framework; name = SystemConfiguration.framework; path = System/Library/Frameworks/SystemConfiguration.framework; sourceTree = SDKROOT; };
		ED5D67412664020C0080F88A /* UIKit.framework */ = {isa = PBXFileReference; lastKnownFileType = wrapper.framework; name = UIKit.framework; path = System/Library/Frameworks/UIKit.framework; sourceTree = SDKROOT; };
		ED5D6772266406000080F88A /* GoogleMapsBase.framework */ = {isa = PBXFileReference; lastKnownFileType = wrapper.framework; name = GoogleMapsBase.framework; path = Carthage/Build/iOS/GoogleMapsBase.framework; sourceTree = "<group>"; };
		ED5D6773266406000080F88A /* GoogleMaps.framework */ = {isa = PBXFileReference; lastKnownFileType = wrapper.framework; name = GoogleMaps.framework; path = Carthage/Build/iOS/GoogleMaps.framework; sourceTree = "<group>"; };
		ED5D6774266406010080F88A /* GoogleMapsCore.framework */ = {isa = PBXFileReference; lastKnownFileType = wrapper.framework; name = GoogleMapsCore.framework; path = Carthage/Build/iOS/GoogleMapsCore.framework; sourceTree = "<group>"; };
		ED5D677B266406570080F88A /* GoogleMaps.bundle */ = {isa = PBXFileReference; lastKnownFileType = "wrapper.plug-in"; name = GoogleMaps.bundle; path = Carthage/Build/iOS/GoogleMaps.framework/Resources/GoogleMaps.bundle; sourceTree = "<group>"; };
/* End PBXFileReference section */

/* Begin PBXFrameworksBuildPhase section */
		ED19F525266296E900ABBA52 /* Frameworks */ = {
			isa = PBXFrameworksBuildPhase;
			buildActionMask = 2147483647;
			files = (
				ED5D6793266408340080F88A /* UIKit.framework in Frameworks */,
				ED5D678C266407E10080F88A /* CoreData.framework in Frameworks */,
				ED5D678D266407E10080F88A /* CoreGraphics.framework in Frameworks */,
				ED5D678E266407E10080F88A /* CoreImage.framework in Frameworks */,
				ED5D678F266407E10080F88A /* CoreLocation.framework in Frameworks */,
				ED5D678B266407B00080F88A /* CoreText.framework in Frameworks */,
				ED5D678A266407A60080F88A /* CoreTelephony.framework in Frameworks */,
				ED5D6789266407A00080F88A /* GLKit.framework in Frameworks */,
				ED5D6788266407760080F88A /* ImageIO.framework in Frameworks */,
				ED5D6784266407700080F88A /* libz.tbd in Frameworks */,
				ED5D676B266405320080F88A /* libc++.tbd in Frameworks */,
				ED5D6783266407690080F88A /* OpenGLES.framework in Frameworks */,
				ED5D67822664075F0080F88A /* QuartzCore.framework in Frameworks */,
				ED5D6781266407590080F88A /* SystemConfiguration.framework in Frameworks */,
				ED5D6780266407500080F88A /* Accelerate.framework in Frameworks */,
				ED5D6775266406010080F88A /* GoogleMapsBase.framework in Frameworks */,
				ED5D6776266406010080F88A /* GoogleMaps.framework in Frameworks */,
				ED5D6777266406010080F88A /* GoogleMapsCore.framework in Frameworks */,
			);
			runOnlyForDeploymentPostprocessing = 0;
		};
		ED19F53E266296EA00ABBA52 /* Frameworks */ = {
			isa = PBXFrameworksBuildPhase;
			buildActionMask = 2147483647;
			files = (
			);
			runOnlyForDeploymentPostprocessing = 0;
		};
		ED19F549266296EA00ABBA52 /* Frameworks */ = {
			isa = PBXFrameworksBuildPhase;
			buildActionMask = 2147483647;
			files = (
			);
			runOnlyForDeploymentPostprocessing = 0;
		};
/* End PBXFrameworksBuildPhase section */

/* Begin PBXGroup section */
		ED19F51F266296E900ABBA52 = {
			isa = PBXGroup;
			children = (
				ED5D66C12662B0070080F88A /* swiftgen.yml */,
				ED5D66942662ACB20080F88A /* .swiftlint.yml */,
				ED19F52A266296E900ABBA52 /* NearbyPlaces */,
				ED19F544266296EA00ABBA52 /* NearbyPlacesTests */,
				ED19F54F266296EA00ABBA52 /* NearbyPlacesUITests */,
				ED19F529266296E900ABBA52 /* Products */,
				ED5D671E266401780080F88A /* Frameworks */,
			);
			sourceTree = "<group>";
		};
		ED19F529266296E900ABBA52 /* Products */ = {
			isa = PBXGroup;
			children = (
				ED19F528266296E900ABBA52 /* NearbyPlaces.app */,
				ED19F541266296EA00ABBA52 /* NearbyPlacesTests.xctest */,
				ED19F54C266296EA00ABBA52 /* NearbyPlacesUITests.xctest */,
			);
			name = Products;
			sourceTree = "<group>";
		};
		ED19F52A266296E900ABBA52 /* NearbyPlaces */ = {
			isa = PBXGroup;
			children = (
				ED5D67082662B6400080F88A /* Application */,
				ED5D66D52662B2700080F88A /* Common */,
				ED5D66C62662B2200080F88A /* Modules */,
				ED19F534266296E900ABBA52 /* NearbyPlaces.xcdatamodeld */,
				ED19F561266296F600ABBA52 /* Resources */,
			);
			path = NearbyPlaces;
			sourceTree = "<group>";
		};
		ED19F544266296EA00ABBA52 /* NearbyPlacesTests */ = {
			isa = PBXGroup;
			children = (
				ED19F545266296EA00ABBA52 /* NearbyPlacesTests.swift */,
				ED19F547266296EA00ABBA52 /* Info.plist */,
			);
			path = NearbyPlacesTests;
			sourceTree = "<group>";
		};
		ED19F54F266296EA00ABBA52 /* NearbyPlacesUITests */ = {
			isa = PBXGroup;
			children = (
				ED19F550266296EA00ABBA52 /* NearbyPlacesUITests.swift */,
				ED19F552266296EA00ABBA52 /* Info.plist */,
			);
			path = NearbyPlacesUITests;
			sourceTree = "<group>";
		};
		ED19F561266296F600ABBA52 /* Resources */ = {
			isa = PBXGroup;
			children = (
				ED19F53C266296EA00ABBA52 /* Info.plist */,
				ED5D67012662B5A40080F88A /* Launch Screens */,
				ED19F57D26629CCF00ABBA52 /* Assets.swift */,
				ED19F56E26629C2600ABBA52 /* Strings */,
				ED19F537266296EA00ABBA52 /* Assets.xcassets */,
			);
			path = Resources;
			sourceTree = "<group>";
		};
		ED19F56E26629C2600ABBA52 /* Strings */ = {
			isa = PBXGroup;
			children = (
				ED19F58226629CDB00ABBA52 /* LocalizableStrings.swift */,
				ED19F57926629C6A00ABBA52 /* Home.strings */,
			);
			path = Strings;
			sourceTree = "<group>";
		};
		ED5D66C62662B2200080F88A /* Modules */ = {
			isa = PBXGroup;
			children = (
				ED5D66C72662B23A0080F88A /* HomeCoordinator.swift */,
				ED5D66C82662B23A0080F88A /* HomeViewController.swift */,
				ED5D66C92662B23A0080F88A /* HomeController.swift */,
				ED5D66CA2662B23A0080F88A /* HomeAssembly.swift */,
			);
			path = Modules;
			sourceTree = "<group>";
		};
		ED5D66D52662B2700080F88A /* Common */ = {
			isa = PBXGroup;
			children = (
				ED5D66FB2662B4020080F88A /* Extensions */,
				ED5D66DC2662B3680080F88A /* Utils */,
				ED5D66DB2662B2E70080F88A /* ViewControllers */,
			);
			path = Common;
			sourceTree = "<group>";
		};
		ED5D66DB2662B2E70080F88A /* ViewControllers */ = {
			isa = PBXGroup;
			children = (
				ED5D66DD2662B3870080F88A /* BaseViewController.swift */,
			);
			path = ViewControllers;
			sourceTree = "<group>";
		};
		ED5D66DC2662B3680080F88A /* Utils */ = {
			isa = PBXGroup;
			children = (
				ED5D66D62662B27B0080F88A /* AssembledModule.swift */,
			);
			path = Utils;
			sourceTree = "<group>";
		};
		ED5D66FB2662B4020080F88A /* Extensions */ = {
			isa = PBXGroup;
			children = (
				ED5D66FC2662B50F0080F88A /* UIColor.swift */,
			);
			path = Extensions;
			sourceTree = "<group>";
		};
		ED5D67012662B5A40080F88A /* Launch Screens */ = {
			isa = PBXGroup;
			children = (
				ED19F539266296EA00ABBA52 /* LaunchScreen.storyboard */,
			);
			path = "Launch Screens";
			sourceTree = "<group>";
		};
		ED5D67082662B6400080F88A /* Application */ = {
			isa = PBXGroup;
			children = (
				ED19F52B266296E900ABBA52 /* AppDelegate.swift */,
				ED19F52D266296E900ABBA52 /* SceneDelegate.swift */,
			);
			path = Application;
			sourceTree = "<group>";
		};
		ED5D671E266401780080F88A /* Frameworks */ = {
			isa = PBXGroup;
			children = (
				ED5D677B266406570080F88A /* GoogleMaps.bundle */,
				ED5D6773266406000080F88A /* GoogleMaps.framework */,
				ED5D6772266406000080F88A /* GoogleMapsBase.framework */,
				ED5D6774266406010080F88A /* GoogleMapsCore.framework */,
				ED5D67412664020C0080F88A /* UIKit.framework */,
				ED5D673F266401FA0080F88A /* SystemConfiguration.framework */,
				ED5D673D266401F00080F88A /* QuartzCore.framework */,
				ED5D673B266401E80080F88A /* OpenGLES.framework */,
				ED5D6736266401DF0080F88A /* libz.tbd */,
				ED5D6731266401D50080F88A /* libc++.tbd */,
				ED5D672F266401C50080F88A /* ImageIO.framework */,
				ED5D672D266401BB0080F88A /* GLKit.framework */,
				ED5D6729266401B30080F88A /* CoreTelephony.framework */,
				ED5D672A266401B30080F88A /* CoreText.framework */,
				ED5D6727266401980080F88A /* CoreLocation.framework */,
				ED5D6725266401920080F88A /* CoreImage.framework */,
				ED5D67232664018A0080F88A /* CoreGraphics.framework */,
				ED5D6721266401810080F88A /* CoreData.framework */,
				ED5D671F266401780080F88A /* Accelerate.framework */,
			);
			name = Frameworks;
			sourceTree = "<group>";
		};
/* End PBXGroup section */

/* Begin PBXNativeTarget section */
		ED19F527266296E900ABBA52 /* NearbyPlaces */ = {
			isa = PBXNativeTarget;
			buildConfigurationList = ED19F555266296EA00ABBA52 /* Build configuration list for PBXNativeTarget "NearbyPlaces" */;
			buildPhases = (
				ED19F524266296E900ABBA52 /* Sources */,
				ED19F525266296E900ABBA52 /* Frameworks */,
				ED19F526266296E900ABBA52 /* Resources */,
				ED5D66842662A66B0080F88A /* ShellScript */,
				ED5D66992662ACFC0080F88A /* ShellScript */,
			);
			buildRules = (
			);
			dependencies = (
			);
			name = NearbyPlaces;
			productName = NearbyPlaces;
			productReference = ED19F528266296E900ABBA52 /* NearbyPlaces.app */;
			productType = "com.apple.product-type.application";
		};
		ED19F540266296EA00ABBA52 /* NearbyPlacesTests */ = {
			isa = PBXNativeTarget;
			buildConfigurationList = ED19F558266296EA00ABBA52 /* Build configuration list for PBXNativeTarget "NearbyPlacesTests" */;
			buildPhases = (
				ED19F53D266296EA00ABBA52 /* Sources */,
				ED19F53E266296EA00ABBA52 /* Frameworks */,
				ED19F53F266296EA00ABBA52 /* Resources */,
			);
			buildRules = (
			);
			dependencies = (
				ED19F543266296EA00ABBA52 /* PBXTargetDependency */,
			);
			name = NearbyPlacesTests;
			productName = NearbyPlacesTests;
			productReference = ED19F541266296EA00ABBA52 /* NearbyPlacesTests.xctest */;
			productType = "com.apple.product-type.bundle.unit-test";
		};
		ED19F54B266296EA00ABBA52 /* NearbyPlacesUITests */ = {
			isa = PBXNativeTarget;
			buildConfigurationList = ED19F55B266296EA00ABBA52 /* Build configuration list for PBXNativeTarget "NearbyPlacesUITests" */;
			buildPhases = (
				ED19F548266296EA00ABBA52 /* Sources */,
				ED19F549266296EA00ABBA52 /* Frameworks */,
				ED19F54A266296EA00ABBA52 /* Resources */,
			);
			buildRules = (
			);
			dependencies = (
				ED19F54E266296EA00ABBA52 /* PBXTargetDependency */,
			);
			name = NearbyPlacesUITests;
			productName = NearbyPlacesUITests;
			productReference = ED19F54C266296EA00ABBA52 /* NearbyPlacesUITests.xctest */;
			productType = "com.apple.product-type.bundle.ui-testing";
		};
/* End PBXNativeTarget section */

/* Begin PBXProject section */
		ED19F520266296E900ABBA52 /* Project object */ = {
			isa = PBXProject;
			attributes = {
				LastSwiftUpdateCheck = 1230;
				LastUpgradeCheck = 1230;
				TargetAttributes = {
					ED19F527266296E900ABBA52 = {
						CreatedOnToolsVersion = 12.3;
					};
					ED19F540266296EA00ABBA52 = {
						CreatedOnToolsVersion = 12.3;
						TestTargetID = ED19F527266296E900ABBA52;
					};
					ED19F54B266296EA00ABBA52 = {
						CreatedOnToolsVersion = 12.3;
						TestTargetID = ED19F527266296E900ABBA52;
					};
				};
			};
			buildConfigurationList = ED19F523266296E900ABBA52 /* Build configuration list for PBXProject "NearbyPlaces" */;
			compatibilityVersion = "Xcode 9.3";
			developmentRegion = en;
			hasScannedForEncodings = 0;
			knownRegions = (
				en,
				Base,
			);
			mainGroup = ED19F51F266296E900ABBA52;
			productRefGroup = ED19F529266296E900ABBA52 /* Products */;
			projectDirPath = "";
			projectRoot = "";
			targets = (
				ED19F527266296E900ABBA52 /* NearbyPlaces */,
				ED19F540266296EA00ABBA52 /* NearbyPlacesTests */,
				ED19F54B266296EA00ABBA52 /* NearbyPlacesUITests */,
			);
		};
/* End PBXProject section */

/* Begin PBXResourcesBuildPhase section */
		ED19F526266296E900ABBA52 /* Resources */ = {
			isa = PBXResourcesBuildPhase;
			buildActionMask = 2147483647;
			files = (
				ED5D66952662ACB20080F88A /* .swiftlint.yml in Resources */,
				ED19F53B266296EA00ABBA52 /* LaunchScreen.storyboard in Resources */,
				ED19F57726629C6A00ABBA52 /* Home.strings in Resources */,
				ED5D677C266406570080F88A /* GoogleMaps.bundle in Resources */,
				ED19F538266296EA00ABBA52 /* Assets.xcassets in Resources */,
				ED5D66C22662B0070080F88A /* swiftgen.yml in Resources */,
			);
			runOnlyForDeploymentPostprocessing = 0;
		};
		ED19F53F266296EA00ABBA52 /* Resources */ = {
			isa = PBXResourcesBuildPhase;
			buildActionMask = 2147483647;
			files = (
			);
			runOnlyForDeploymentPostprocessing = 0;
		};
		ED19F54A266296EA00ABBA52 /* Resources */ = {
			isa = PBXResourcesBuildPhase;
			buildActionMask = 2147483647;
			files = (
			);
			runOnlyForDeploymentPostprocessing = 0;
		};
/* End PBXResourcesBuildPhase section */

/* Begin PBXShellScriptBuildPhase section */
		ED5D66842662A66B0080F88A /* ShellScript */ = {
			isa = PBXShellScriptBuildPhase;
			buildActionMask = 2147483647;
			files = (
			);
			inputFileListPaths = (
			);
			inputPaths = (
			);
			outputFileListPaths = (
			);
			outputPaths = (
			);
			runOnlyForDeploymentPostprocessing = 0;
			shellPath = /bin/sh;
			shellScript = "swiftgen\n";
		};
		ED5D66992662ACFC0080F88A /* ShellScript */ = {
			isa = PBXShellScriptBuildPhase;
			buildActionMask = 2147483647;
			files = (
			);
			inputFileListPaths = (
			);
			inputPaths = (
			);
			outputFileListPaths = (
			);
			outputPaths = (
			);
			runOnlyForDeploymentPostprocessing = 0;
			shellPath = /bin/sh;
			shellScript = "if which swiftlint >/dev/null; then\n  cd ${SRCROOT}/NearbyPlaces/; swiftlint\nelse\n  echo \"warning: SwiftLint not installed, download from https://github.com/realm/SwiftLint\"\nfi\n";
		};
/* End PBXShellScriptBuildPhase section */

/* Begin PBXSourcesBuildPhase section */
		ED19F524266296E900ABBA52 /* Sources */ = {
			isa = PBXSourcesBuildPhase;
			buildActionMask = 2147483647;
			files = (
				ED19F58326629CDB00ABBA52 /* LocalizableStrings.swift in Sources */,
				ED5D66CE2662B23A0080F88A /* HomeAssembly.swift in Sources */,
				ED19F52C266296E900ABBA52 /* AppDelegate.swift in Sources */,
				ED5D66D72662B27B0080F88A /* AssembledModule.swift in Sources */,
				ED5D66DE2662B3870080F88A /* BaseViewController.swift in Sources */,
				ED5D66CC2662B23A0080F88A /* HomeViewController.swift in Sources */,
				ED19F536266296E900ABBA52 /* NearbyPlaces.xcdatamodeld in Sources */,
				ED5D66CD2662B23A0080F88A /* HomeController.swift in Sources */,
				ED5D66FD2662B50F0080F88A /* UIColor.swift in Sources */,
				ED19F57E26629CCF00ABBA52 /* Assets.swift in Sources */,
				ED5D66CB2662B23A0080F88A /* HomeCoordinator.swift in Sources */,
				ED19F52E266296E900ABBA52 /* SceneDelegate.swift in Sources */,
			);
			runOnlyForDeploymentPostprocessing = 0;
		};
		ED19F53D266296EA00ABBA52 /* Sources */ = {
			isa = PBXSourcesBuildPhase;
			buildActionMask = 2147483647;
			files = (
				ED19F546266296EA00ABBA52 /* NearbyPlacesTests.swift in Sources */,
			);
			runOnlyForDeploymentPostprocessing = 0;
		};
		ED19F548266296EA00ABBA52 /* Sources */ = {
			isa = PBXSourcesBuildPhase;
			buildActionMask = 2147483647;
			files = (
				ED19F551266296EA00ABBA52 /* NearbyPlacesUITests.swift in Sources */,
			);
			runOnlyForDeploymentPostprocessing = 0;
		};
/* End PBXSourcesBuildPhase section */

/* Begin PBXTargetDependency section */
		ED19F543266296EA00ABBA52 /* PBXTargetDependency */ = {
			isa = PBXTargetDependency;
			target = ED19F527266296E900ABBA52 /* NearbyPlaces */;
			targetProxy = ED19F542266296EA00ABBA52 /* PBXContainerItemProxy */;
		};
		ED19F54E266296EA00ABBA52 /* PBXTargetDependency */ = {
			isa = PBXTargetDependency;
			target = ED19F527266296E900ABBA52 /* NearbyPlaces */;
			targetProxy = ED19F54D266296EA00ABBA52 /* PBXContainerItemProxy */;
		};
/* End PBXTargetDependency section */

/* Begin PBXVariantGroup section */
		ED19F539266296EA00ABBA52 /* LaunchScreen.storyboard */ = {
			isa = PBXVariantGroup;
			children = (
				ED19F56B26629BB500ABBA52 /* Base */,
			);
			name = LaunchScreen.storyboard;
			sourceTree = "<group>";
		};
		ED19F57926629C6A00ABBA52 /* Home.strings */ = {
			isa = PBXVariantGroup;
			children = (
				ED19F57826629C6A00ABBA52 /* en */,
			);
			name = Home.strings;
			sourceTree = "<group>";
		};
/* End PBXVariantGroup section */

/* Begin XCBuildConfiguration section */
		ED19F553266296EA00ABBA52 /* Debug */ = {
			isa = XCBuildConfiguration;
			buildSettings = {
				ALWAYS_SEARCH_USER_PATHS = NO;
				CLANG_ANALYZER_NONNULL = YES;
				CLANG_ANALYZER_NUMBER_OBJECT_CONVERSION = YES_AGGRESSIVE;
				CLANG_CXX_LANGUAGE_STANDARD = "gnu++14";
				CLANG_CXX_LIBRARY = "libc++";
				CLANG_ENABLE_MODULES = YES;
				CLANG_ENABLE_OBJC_ARC = YES;
				CLANG_ENABLE_OBJC_WEAK = YES;
				CLANG_WARN_BLOCK_CAPTURE_AUTORELEASING = YES;
				CLANG_WARN_BOOL_CONVERSION = YES;
				CLANG_WARN_COMMA = YES;
				CLANG_WARN_CONSTANT_CONVERSION = YES;
				CLANG_WARN_DEPRECATED_OBJC_IMPLEMENTATIONS = YES;
				CLANG_WARN_DIRECT_OBJC_ISA_USAGE = YES_ERROR;
				CLANG_WARN_DOCUMENTATION_COMMENTS = YES;
				CLANG_WARN_EMPTY_BODY = YES;
				CLANG_WARN_ENUM_CONVERSION = YES;
				CLANG_WARN_INFINITE_RECURSION = YES;
				CLANG_WARN_INT_CONVERSION = YES;
				CLANG_WARN_NON_LITERAL_NULL_CONVERSION = YES;
				CLANG_WARN_OBJC_IMPLICIT_RETAIN_SELF = YES;
				CLANG_WARN_OBJC_LITERAL_CONVERSION = YES;
				CLANG_WARN_OBJC_ROOT_CLASS = YES_ERROR;
				CLANG_WARN_QUOTED_INCLUDE_IN_FRAMEWORK_HEADER = YES;
				CLANG_WARN_RANGE_LOOP_ANALYSIS = YES;
				CLANG_WARN_STRICT_PROTOTYPES = YES;
				CLANG_WARN_SUSPICIOUS_MOVE = YES;
				CLANG_WARN_UNGUARDED_AVAILABILITY = YES_AGGRESSIVE;
				CLANG_WARN_UNREACHABLE_CODE = YES;
				CLANG_WARN__DUPLICATE_METHOD_MATCH = YES;
				COPY_PHASE_STRIP = NO;
				DEBUG_INFORMATION_FORMAT = dwarf;
				ENABLE_STRICT_OBJC_MSGSEND = YES;
				ENABLE_TESTABILITY = YES;
				GCC_C_LANGUAGE_STANDARD = gnu11;
				GCC_DYNAMIC_NO_PIC = NO;
				GCC_NO_COMMON_BLOCKS = YES;
				GCC_OPTIMIZATION_LEVEL = 0;
				GCC_PREPROCESSOR_DEFINITIONS = (
					"DEBUG=1",
					"$(inherited)",
				);
				GCC_WARN_64_TO_32_BIT_CONVERSION = YES;
				GCC_WARN_ABOUT_RETURN_TYPE = YES_ERROR;
				GCC_WARN_UNDECLARED_SELECTOR = YES;
				GCC_WARN_UNINITIALIZED_AUTOS = YES_AGGRESSIVE;
				GCC_WARN_UNUSED_FUNCTION = YES;
				GCC_WARN_UNUSED_VARIABLE = YES;
				IPHONEOS_DEPLOYMENT_TARGET = 14.3;
				MTL_ENABLE_DEBUG_INFO = INCLUDE_SOURCE;
				MTL_FAST_MATH = YES;
				ONLY_ACTIVE_ARCH = YES;
				OTHER_LDFLAGS = "-ObjC";
				SDKROOT = iphoneos;
				SWIFT_ACTIVE_COMPILATION_CONDITIONS = DEBUG;
				SWIFT_OPTIMIZATION_LEVEL = "-Onone";
			};
			name = Debug;
		};
		ED19F554266296EA00ABBA52 /* Release */ = {
			isa = XCBuildConfiguration;
			buildSettings = {
				ALWAYS_SEARCH_USER_PATHS = NO;
				CLANG_ANALYZER_NONNULL = YES;
				CLANG_ANALYZER_NUMBER_OBJECT_CONVERSION = YES_AGGRESSIVE;
				CLANG_CXX_LANGUAGE_STANDARD = "gnu++14";
				CLANG_CXX_LIBRARY = "libc++";
				CLANG_ENABLE_MODULES = YES;
				CLANG_ENABLE_OBJC_ARC = YES;
				CLANG_ENABLE_OBJC_WEAK = YES;
				CLANG_WARN_BLOCK_CAPTURE_AUTORELEASING = YES;
				CLANG_WARN_BOOL_CONVERSION = YES;
				CLANG_WARN_COMMA = YES;
				CLANG_WARN_CONSTANT_CONVERSION = YES;
				CLANG_WARN_DEPRECATED_OBJC_IMPLEMENTATIONS = YES;
				CLANG_WARN_DIRECT_OBJC_ISA_USAGE = YES_ERROR;
				CLANG_WARN_DOCUMENTATION_COMMENTS = YES;
				CLANG_WARN_EMPTY_BODY = YES;
				CLANG_WARN_ENUM_CONVERSION = YES;
				CLANG_WARN_INFINITE_RECURSION = YES;
				CLANG_WARN_INT_CONVERSION = YES;
				CLANG_WARN_NON_LITERAL_NULL_CONVERSION = YES;
				CLANG_WARN_OBJC_IMPLICIT_RETAIN_SELF = YES;
				CLANG_WARN_OBJC_LITERAL_CONVERSION = YES;
				CLANG_WARN_OBJC_ROOT_CLASS = YES_ERROR;
				CLANG_WARN_QUOTED_INCLUDE_IN_FRAMEWORK_HEADER = YES;
				CLANG_WARN_RANGE_LOOP_ANALYSIS = YES;
				CLANG_WARN_STRICT_PROTOTYPES = YES;
				CLANG_WARN_SUSPICIOUS_MOVE = YES;
				CLANG_WARN_UNGUARDED_AVAILABILITY = YES_AGGRESSIVE;
				CLANG_WARN_UNREACHABLE_CODE = YES;
				CLANG_WARN__DUPLICATE_METHOD_MATCH = YES;
				COPY_PHASE_STRIP = NO;
				DEBUG_INFORMATION_FORMAT = "dwarf-with-dsym";
				ENABLE_NS_ASSERTIONS = NO;
				ENABLE_STRICT_OBJC_MSGSEND = YES;
				GCC_C_LANGUAGE_STANDARD = gnu11;
				GCC_NO_COMMON_BLOCKS = YES;
				GCC_WARN_64_TO_32_BIT_CONVERSION = YES;
				GCC_WARN_ABOUT_RETURN_TYPE = YES_ERROR;
				GCC_WARN_UNDECLARED_SELECTOR = YES;
				GCC_WARN_UNINITIALIZED_AUTOS = YES_AGGRESSIVE;
				GCC_WARN_UNUSED_FUNCTION = YES;
				GCC_WARN_UNUSED_VARIABLE = YES;
				IPHONEOS_DEPLOYMENT_TARGET = 14.3;
				MTL_ENABLE_DEBUG_INFO = NO;
				MTL_FAST_MATH = YES;
				OTHER_LDFLAGS = "-ObjC";
				SDKROOT = iphoneos;
				SWIFT_COMPILATION_MODE = wholemodule;
				SWIFT_OPTIMIZATION_LEVEL = "-O";
				VALIDATE_PRODUCT = YES;
			};
			name = Release;
		};
		ED19F556266296EA00ABBA52 /* Debug */ = {
			isa = XCBuildConfiguration;
			buildSettings = {
				ASSETCATALOG_COMPILER_APPICON_NAME = AppIcon;
				ASSETCATALOG_COMPILER_GLOBAL_ACCENT_COLOR_NAME = AccentColor;
				CODE_SIGN_STYLE = Automatic;
				DEVELOPMENT_TEAM = 2GV9HU2JH8;
				FRAMEWORK_SEARCH_PATHS = (
					"$(inherited)",
					"$(PROJECT_DIR)/Carthage/Build/iOS",
				);
				INFOPLIST_FILE = NearbyPlaces/Resources/Info.plist;
				LD_RUNPATH_SEARCH_PATHS = (
					"$(inherited)",
					"@executable_path/Frameworks",
				);
				PRODUCT_BUNDLE_IDENTIFIER = ArtemisKS.NearbyPlacesApp;
				PRODUCT_NAME = "$(TARGET_NAME)";
				SWIFT_VERSION = 5.0;
				TARGETED_DEVICE_FAMILY = 1;
			};
			name = Debug;
		};
		ED19F557266296EA00ABBA52 /* Release */ = {
			isa = XCBuildConfiguration;
			buildSettings = {
				ASSETCATALOG_COMPILER_APPICON_NAME = AppIcon;
				ASSETCATALOG_COMPILER_GLOBAL_ACCENT_COLOR_NAME = AccentColor;
				CODE_SIGN_STYLE = Automatic;
				DEVELOPMENT_TEAM = 2GV9HU2JH8;
				FRAMEWORK_SEARCH_PATHS = (
					"$(inherited)",
					"$(PROJECT_DIR)/Carthage/Build/iOS",
				);
				INFOPLIST_FILE = NearbyPlaces/Resources/Info.plist;
				LD_RUNPATH_SEARCH_PATHS = (
					"$(inherited)",
					"@executable_path/Frameworks",
				);
				PRODUCT_BUNDLE_IDENTIFIER = ArtemisKS.NearbyPlacesApp;
				PRODUCT_NAME = "$(TARGET_NAME)";
				SWIFT_VERSION = 5.0;
				TARGETED_DEVICE_FAMILY = 1;
			};
			name = Release;
		};
		ED19F559266296EA00ABBA52 /* Debug */ = {
			isa = XCBuildConfiguration;
			buildSettings = {
				ALWAYS_EMBED_SWIFT_STANDARD_LIBRARIES = YES;
				BUNDLE_LOADER = "$(TEST_HOST)";
				CODE_SIGN_STYLE = Automatic;
				DEVELOPMENT_TEAM = 2GV9HU2JH8;
				INFOPLIST_FILE = NearbyPlacesTests/Info.plist;
				IPHONEOS_DEPLOYMENT_TARGET = 14.3;
				LD_RUNPATH_SEARCH_PATHS = (
					"$(inherited)",
					"@executable_path/Frameworks",
					"@loader_path/Frameworks",
				);
				PRODUCT_BUNDLE_IDENTIFIER = ArtemisKS.NearbyPlacesTests;
				PRODUCT_NAME = "$(TARGET_NAME)";
				SWIFT_VERSION = 5.0;
				TARGETED_DEVICE_FAMILY = "1,2";
				TEST_HOST = "$(BUILT_PRODUCTS_DIR)/NearbyPlaces.app/NearbyPlaces";
			};
			name = Debug;
		};
		ED19F55A266296EA00ABBA52 /* Release */ = {
			isa = XCBuildConfiguration;
			buildSettings = {
				ALWAYS_EMBED_SWIFT_STANDARD_LIBRARIES = YES;
				BUNDLE_LOADER = "$(TEST_HOST)";
				CODE_SIGN_STYLE = Automatic;
				DEVELOPMENT_TEAM = 2GV9HU2JH8;
				INFOPLIST_FILE = NearbyPlacesTests/Info.plist;
				IPHONEOS_DEPLOYMENT_TARGET = 14.3;
				LD_RUNPATH_SEARCH_PATHS = (
					"$(inherited)",
					"@executable_path/Frameworks",
					"@loader_path/Frameworks",
				);
				PRODUCT_BUNDLE_IDENTIFIER = ArtemisKS.NearbyPlacesTests;
				PRODUCT_NAME = "$(TARGET_NAME)";
				SWIFT_VERSION = 5.0;
				TARGETED_DEVICE_FAMILY = "1,2";
				TEST_HOST = "$(BUILT_PRODUCTS_DIR)/NearbyPlaces.app/NearbyPlaces";
			};
			name = Release;
		};
		ED19F55C266296EA00ABBA52 /* Debug */ = {
			isa = XCBuildConfiguration;
			buildSettings = {
				ALWAYS_EMBED_SWIFT_STANDARD_LIBRARIES = YES;
				CODE_SIGN_STYLE = Automatic;
				DEVELOPMENT_TEAM = 2GV9HU2JH8;
				INFOPLIST_FILE = NearbyPlacesUITests/Info.plist;
				LD_RUNPATH_SEARCH_PATHS = (
					"$(inherited)",
					"@executable_path/Frameworks",
					"@loader_path/Frameworks",
				);
				PRODUCT_BUNDLE_IDENTIFIER = ArtemisKS.NearbyPlacesUITests;
				PRODUCT_NAME = "$(TARGET_NAME)";
				SWIFT_VERSION = 5.0;
				TARGETED_DEVICE_FAMILY = "1,2";
				TEST_TARGET_NAME = NearbyPlaces;
			};
			name = Debug;
		};
		ED19F55D266296EA00ABBA52 /* Release */ = {
			isa = XCBuildConfiguration;
			buildSettings = {
				ALWAYS_EMBED_SWIFT_STANDARD_LIBRARIES = YES;
				CODE_SIGN_STYLE = Automatic;
				DEVELOPMENT_TEAM = 2GV9HU2JH8;
				INFOPLIST_FILE = NearbyPlacesUITests/Info.plist;
				LD_RUNPATH_SEARCH_PATHS = (
					"$(inherited)",
					"@executable_path/Frameworks",
					"@loader_path/Frameworks",
				);
				PRODUCT_BUNDLE_IDENTIFIER = ArtemisKS.NearbyPlacesUITests;
				PRODUCT_NAME = "$(TARGET_NAME)";
				SWIFT_VERSION = 5.0;
				TARGETED_DEVICE_FAMILY = "1,2";
				TEST_TARGET_NAME = NearbyPlaces;
			};
			name = Release;
		};
/* End XCBuildConfiguration section */

/* Begin XCConfigurationList section */
		ED19F523266296E900ABBA52 /* Build configuration list for PBXProject "NearbyPlaces" */ = {
			isa = XCConfigurationList;
			buildConfigurations = (
				ED19F553266296EA00ABBA52 /* Debug */,
				ED19F554266296EA00ABBA52 /* Release */,
			);
			defaultConfigurationIsVisible = 0;
			defaultConfigurationName = Release;
		};
		ED19F555266296EA00ABBA52 /* Build configuration list for PBXNativeTarget "NearbyPlaces" */ = {
			isa = XCConfigurationList;
			buildConfigurations = (
				ED19F556266296EA00ABBA52 /* Debug */,
				ED19F557266296EA00ABBA52 /* Release */,
			);
			defaultConfigurationIsVisible = 0;
			defaultConfigurationName = Release;
		};
		ED19F558266296EA00ABBA52 /* Build configuration list for PBXNativeTarget "NearbyPlacesTests" */ = {
			isa = XCConfigurationList;
			buildConfigurations = (
				ED19F559266296EA00ABBA52 /* Debug */,
				ED19F55A266296EA00ABBA52 /* Release */,
			);
			defaultConfigurationIsVisible = 0;
			defaultConfigurationName = Release;
		};
		ED19F55B266296EA00ABBA52 /* Build configuration list for PBXNativeTarget "NearbyPlacesUITests" */ = {
			isa = XCConfigurationList;
			buildConfigurations = (
				ED19F55C266296EA00ABBA52 /* Debug */,
				ED19F55D266296EA00ABBA52 /* Release */,
			);
			defaultConfigurationIsVisible = 0;
			defaultConfigurationName = Release;
		};
/* End XCConfigurationList section */

/* Begin XCVersionGroup section */
		ED19F534266296E900ABBA52 /* NearbyPlaces.xcdatamodeld */ = {
			isa = XCVersionGroup;
			children = (
				ED19F535266296E900ABBA52 /* NearbyPlaces.xcdatamodel */,
			);
			currentVersion = ED19F535266296E900ABBA52 /* NearbyPlaces.xcdatamodel */;
			path = NearbyPlaces.xcdatamodeld;
			sourceTree = "<group>";
			versionGroupType = wrapper.xcdatamodel;
		};
/* End XCVersionGroup section */
	};
	rootObject = ED19F520266296E900ABBA52 /* Project object */;
}
